
Microsoft Visual Studio Solution File, Format Version 12.00
# Visual Studio 15
VisualStudioVersion = 15.0.27004.2005
MinimumVisualStudioVersion = 10.0.40219.1
Project("{FAE04EC0-301F-11D3-BF4B-00C04F79EFBC}") = "JDMallen.RepositoryPattern", "JDMallen.RepositoryPattern\JDMallen.RepositoryPattern.csproj", "{73759A81-69BC-4800-86F9-E71520FF7474}"
EndProject
Global
	GlobalSection(SolutionConfigurationPlatforms) = preSolution
		Debug|Any CPU = Debug|Any CPU
		Release|Any CPU = Release|Any CPU
	EndGlobalSection
	GlobalSection(ProjectConfigurationPlatforms) = postSolution
		{73759A81-69BC-4800-86F9-E71520FF7474}.Debug|Any CPU.ActiveCfg = Debug|Any CPU
		{73759A81-69BC-4800-86F9-E71520FF7474}.Debug|Any CPU.Build.0 = Debug|Any CPU
		{73759A81-69BC-4800-86F9-E71520FF7474}.Release|Any CPU.ActiveCfg = Release|Any CPU
		{73759A81-69BC-4800-86F9-E71520FF7474}.Release|Any CPU.Build.0 = Release|Any CPU
	EndGlobalSection
	GlobalSection(SolutionProperties) = preSolution
		HideSolutionNode = FALSE
	EndGlobalSection
	GlobalSection(ExtensibilityGlobals) = postSolution
		SolutionGuid = {C4EF548B-F678-49B1-A355-92350E296572}
	EndGlobalSection
EndGlobal
