
Microsoft Visual Studio Solution File, Format Version 12.00
# Visual Studio Version 16
VisualStudioVersion = 16.0.30907.101
MinimumVisualStudioVersion = 10.0.40219.1
Project("{9A19103F-16F7-4668-BE54-9A1E7A4F7556}") = "JDMallen.Toolbox", "JDMallen.Toolbox\JDMallen.Toolbox.csproj", "{93CDEB1F-0FF3-4107-BBB1-11B929890462}"
EndProject
Project("{9A19103F-16F7-4668-BE54-9A1E7A4F7556}") = "JDMallen.Toolbox.EFCore", "JDMallen.Toolbox.EFCore\JDMallen.Toolbox.EFCore.csproj", "{B1F0F948-4E07-45CC-9FAE-A43C5FA79E29}"
EndProject
Project("{9A19103F-16F7-4668-BE54-9A1E7A4F7556}") = "JDMallen.Toolbox.EFCore.Services", "JDMallen.Toolbox.EFCore.Services\JDMallen.Toolbox.EFCore.Services.csproj", "{03FC3C98-78AE-4E6A-9D02-BABD591DBF4E}"
EndProject
Project("{9A19103F-16F7-4668-BE54-9A1E7A4F7556}") = "JDMallen.Toolbox.EFCore.Patterns", "JDMallen.Toolbox.EFCore.Patterns\JDMallen.Toolbox.EFCore.Patterns.csproj", "{BA4AA6F3-8B24-46B6-B477-978B77EB7364}"
EndProject
Project("{FAE04EC0-301F-11D3-BF4B-00C04F79EFBC}") = "JDMallen.Toolbox.Hosting", "JDMallen.Toolbox.Hosting\JDMallen.Toolbox.Hosting.csproj", "{32439307-BB83-4A38-A105-33913C67C744}"
EndProject
Project("{FAE04EC0-301F-11D3-BF4B-00C04F79EFBC}") = "JDMallen.Toolbox.AspNetCore", "JDMallen.Toolbox.AspNetCore\JDMallen.Toolbox.AspNetCore.csproj", "{35E9FADA-AFA8-4544-BB36-189937E076BC}"
EndProject
Project("{FAE04EC0-301F-11D3-BF4B-00C04F79EFBC}") = "JDMallen.Toolbox.EFCore.Identity", "JDMallen.Toolbox.EFCore.Identity\JDMallen.Toolbox.EFCore.Identity.csproj", "{D65C075A-BC97-4D63-B0BD-05972A0C4DE9}"
EndProject
Global
	GlobalSection(SolutionConfigurationPlatforms) = preSolution
		Debug|Any CPU = Debug|Any CPU
		Release|Any CPU = Release|Any CPU
	EndGlobalSection
	GlobalSection(ProjectConfigurationPlatforms) = postSolution
		{93CDEB1F-0FF3-4107-BBB1-11B929890462}.Debug|Any CPU.ActiveCfg = Debug|Any CPU
		{93CDEB1F-0FF3-4107-BBB1-11B929890462}.Debug|Any CPU.Build.0 = Debug|Any CPU
		{93CDEB1F-0FF3-4107-BBB1-11B929890462}.Release|Any CPU.ActiveCfg = Release|Any CPU
		{93CDEB1F-0FF3-4107-BBB1-11B929890462}.Release|Any CPU.Build.0 = Release|Any CPU
		{B1F0F948-4E07-45CC-9FAE-A43C5FA79E29}.Debug|Any CPU.ActiveCfg = Debug|Any CPU
		{B1F0F948-4E07-45CC-9FAE-A43C5FA79E29}.Debug|Any CPU.Build.0 = Debug|Any CPU
		{B1F0F948-4E07-45CC-9FAE-A43C5FA79E29}.Release|Any CPU.ActiveCfg = Release|Any CPU
		{B1F0F948-4E07-45CC-9FAE-A43C5FA79E29}.Release|Any CPU.Build.0 = Release|Any CPU
		{03FC3C98-78AE-4E6A-9D02-BABD591DBF4E}.Debug|Any CPU.ActiveCfg = Debug|Any CPU
		{03FC3C98-78AE-4E6A-9D02-BABD591DBF4E}.Debug|Any CPU.Build.0 = Debug|Any CPU
		{03FC3C98-78AE-4E6A-9D02-BABD591DBF4E}.Release|Any CPU.ActiveCfg = Release|Any CPU
		{03FC3C98-78AE-4E6A-9D02-BABD591DBF4E}.Release|Any CPU.Build.0 = Release|Any CPU
		{BA4AA6F3-8B24-46B6-B477-978B77EB7364}.Debug|Any CPU.ActiveCfg = Debug|Any CPU
		{BA4AA6F3-8B24-46B6-B477-978B77EB7364}.Debug|Any CPU.Build.0 = Debug|Any CPU
		{BA4AA6F3-8B24-46B6-B477-978B77EB7364}.Release|Any CPU.ActiveCfg = Release|Any CPU
		{BA4AA6F3-8B24-46B6-B477-978B77EB7364}.Release|Any CPU.Build.0 = Release|Any CPU
		{32439307-BB83-4A38-A105-33913C67C744}.Debug|Any CPU.ActiveCfg = Debug|Any CPU
		{32439307-BB83-4A38-A105-33913C67C744}.Debug|Any CPU.Build.0 = Debug|Any CPU
		{32439307-BB83-4A38-A105-33913C67C744}.Release|Any CPU.ActiveCfg = Release|Any CPU
		{32439307-BB83-4A38-A105-33913C67C744}.Release|Any CPU.Build.0 = Release|Any CPU
		{35E9FADA-AFA8-4544-BB36-189937E076BC}.Debug|Any CPU.ActiveCfg = Debug|Any CPU
		{35E9FADA-AFA8-4544-BB36-189937E076BC}.Debug|Any CPU.Build.0 = Debug|Any CPU
		{35E9FADA-AFA8-4544-BB36-189937E076BC}.Release|Any CPU.ActiveCfg = Release|Any CPU
		{35E9FADA-AFA8-4544-BB36-189937E076BC}.Release|Any CPU.Build.0 = Release|Any CPU
		{D65C075A-BC97-4D63-B0BD-05972A0C4DE9}.Debug|Any CPU.ActiveCfg = Debug|Any CPU
		{D65C075A-BC97-4D63-B0BD-05972A0C4DE9}.Debug|Any CPU.Build.0 = Debug|Any CPU
		{D65C075A-BC97-4D63-B0BD-05972A0C4DE9}.Release|Any CPU.ActiveCfg = Release|Any CPU
		{D65C075A-BC97-4D63-B0BD-05972A0C4DE9}.Release|Any CPU.Build.0 = Release|Any CPU
	EndGlobalSection
	GlobalSection(SolutionProperties) = preSolution
		HideSolutionNode = FALSE
	EndGlobalSection
	GlobalSection(ExtensibilityGlobals) = postSolution
		SolutionGuid = {C4EF548B-F678-49B1-A355-92350E296572}
	EndGlobalSection
EndGlobal
